
Microsoft Visual Studio Solution File, Format Version 12.00
# Visual Studio Version 17
VisualStudioVersion = 17.5.002.0
MinimumVisualStudioVersion = 10.0.40219.1
Project("{2150E333-8FDC-42A3-9474-1A3956D46DE8}") = "csharp-prep", "csharp-prep", "{592D2E38-FB0C-40AA-BC65-90A8CE558661}"
EndProject
Project("{9A19103F-16F7-4668-BE54-9A1E7A4F7556}") = "Prep1", "csharp-prep\Prep1\Prep1.csproj", "{DA073772-E513-4182-AEAA-BD62018D79E3}"
EndProject
Project("{9A19103F-16F7-4668-BE54-9A1E7A4F7556}") = "Prep2", "csharp-prep\Prep2\Prep2.csproj", "{79D62AB4-31E8-451F-8915-1384F7FEE13A}"
EndProject
Project("{9A19103F-16F7-4668-BE54-9A1E7A4F7556}") = "Prep3", "csharp-prep\Prep3\Prep3.csproj", "{16284F81-F85E-485B-8A8E-EB5110CFD5B4}"
EndProject
Project("{9A19103F-16F7-4668-BE54-9A1E7A4F7556}") = "Prep4", "csharp-prep\Prep4\Prep4.csproj", "{BDBE10DE-5B53-4E17-AD16-2F0926450CE5}"
EndProject
Project("{9A19103F-16F7-4668-BE54-9A1E7A4F7556}") = "Prep5", "csharp-prep\Prep5\Prep5.csproj", "{3443C466-93D5-456D-9C9B-ECB7DB6C80BD}"
EndProject
Project("{2150E333-8FDC-42A3-9474-1A3956D46DE8}") = "final", "final", "{09367186-198E-47D8-9E38-990E36EFD177}"
EndProject
Project("{9A19103F-16F7-4668-BE54-9A1E7A4F7556}") = "FinalProject", "final\FinalProject\FinalProject.csproj", "{EE5BDD07-C4CD-4688-99FB-3FF103DC7CF6}"
EndProject
Project("{9A19103F-16F7-4668-BE54-9A1E7A4F7556}") = "Foundation1", "final\Foundation1\Foundation1.csproj", "{31D29668-C9FF-42B9-B988-DABB5A9C0A2F}"
EndProject
Project("{9A19103F-16F7-4668-BE54-9A1E7A4F7556}") = "Foundation2", "final\Foundation2\Foundation2.csproj", "{69D62C53-D95D-4465-8904-0E45E0301A59}"
EndProject
Project("{9A19103F-16F7-4668-BE54-9A1E7A4F7556}") = "Foundation3", "final\Foundation3\Foundation3.csproj", "{E576428E-3EE8-4ECE-A207-C1E318C0C919}"
EndProject
Project("{9A19103F-16F7-4668-BE54-9A1E7A4F7556}") = "Foundation4", "final\Foundation4\Foundation4.csproj", "{B2FE4C03-B7D2-447F-82E1-305DC39A13DD}"
EndProject
Project("{2150E333-8FDC-42A3-9474-1A3956D46DE8}") = "prepare", "prepare", "{A3B81848-A645-4F94-AF53-C6BA46A3C9BB}"
EndProject
Project("{9A19103F-16F7-4668-BE54-9A1E7A4F7556}") = "Learning02", "prepare\Learning02\Learning02.csproj", "{03968681-E351-4D52-9AC3-EE5B7BFE9180}"
EndProject
Project("{9A19103F-16F7-4668-BE54-9A1E7A4F7556}") = "Learning03", "prepare\Learning03\Learning03.csproj", "{7D0790D9-B38E-4854-B0EF-D8C2F21296CE}"
EndProject
Project("{9A19103F-16F7-4668-BE54-9A1E7A4F7556}") = "Learning04", "prepare\Learning04\Learning04.csproj", "{235EEDA9-88A5-4043-9768-6F64F0CB7C3E}"
EndProject
Project("{9A19103F-16F7-4668-BE54-9A1E7A4F7556}") = "Learning05", "prepare\Learning05\Learning05.csproj", "{240D72A1-8B28-4B7D-9261-7FD61CA097AB}"
EndProject
Project("{2150E333-8FDC-42A3-9474-1A3956D46DE8}") = "prove", "prove", "{3EC507B1-B8D0-4283-84C2-6D77F30FA05F}"
EndProject
Project("{9A19103F-16F7-4668-BE54-9A1E7A4F7556}") = "Develop02", "prove\Develop02\Develop02.csproj", "{EA441381-B44B-4555-951D-A4047B54B8C4}"
EndProject
Project("{9A19103F-16F7-4668-BE54-9A1E7A4F7556}") = "Develop03", "prove\Develop03\Develop03.csproj", "{F3055669-5FF1-4F41-83CB-D754ADCF9355}"
EndProject
Project("{9A19103F-16F7-4668-BE54-9A1E7A4F7556}") = "Develop04", "prove\Develop04\Develop04.csproj", "{8C7467F7-F83C-4701-A8AC-2C891F97C035}"
EndProject
Project("{9A19103F-16F7-4668-BE54-9A1E7A4F7556}") = "Develop05", "prove\Develop05\Develop05.csproj", "{0EBBEB91-6256-4DAA-AEEB-97344340D146}"
EndProject
Project("{2150E333-8FDC-42A3-9474-1A3956D46DE8}") = "sandbox", "sandbox", "{C8B2E4AE-CCCF-4A9B-AFD9-2E1D73EDB047}"
EndProject
Project("{9A19103F-16F7-4668-BE54-9A1E7A4F7556}") = "Sandbox", "sandbox\Sandbox\Sandbox.csproj", "{3075D087-7BE3-4D9D-85E0-14F507FAEB20}"
EndProject
Global
	GlobalSection(SolutionConfigurationPlatforms) = preSolution
		Debug|Any CPU = Debug|Any CPU
		Release|Any CPU = Release|Any CPU
	EndGlobalSection
	GlobalSection(ProjectConfigurationPlatforms) = postSolution
		{DA073772-E513-4182-AEAA-BD62018D79E3}.Debug|Any CPU.ActiveCfg = Debug|Any CPU
		{DA073772-E513-4182-AEAA-BD62018D79E3}.Debug|Any CPU.Build.0 = Debug|Any CPU
		{DA073772-E513-4182-AEAA-BD62018D79E3}.Release|Any CPU.ActiveCfg = Release|Any CPU
		{DA073772-E513-4182-AEAA-BD62018D79E3}.Release|Any CPU.Build.0 = Release|Any CPU
		{79D62AB4-31E8-451F-8915-1384F7FEE13A}.Debug|Any CPU.ActiveCfg = Debug|Any CPU
		{79D62AB4-31E8-451F-8915-1384F7FEE13A}.Debug|Any CPU.Build.0 = Debug|Any CPU
		{79D62AB4-31E8-451F-8915-1384F7FEE13A}.Release|Any CPU.ActiveCfg = Release|Any CPU
		{79D62AB4-31E8-451F-8915-1384F7FEE13A}.Release|Any CPU.Build.0 = Release|Any CPU
		{16284F81-F85E-485B-8A8E-EB5110CFD5B4}.Debug|Any CPU.ActiveCfg = Debug|Any CPU
		{16284F81-F85E-485B-8A8E-EB5110CFD5B4}.Debug|Any CPU.Build.0 = Debug|Any CPU
		{16284F81-F85E-485B-8A8E-EB5110CFD5B4}.Release|Any CPU.ActiveCfg = Release|Any CPU
		{16284F81-F85E-485B-8A8E-EB5110CFD5B4}.Release|Any CPU.Build.0 = Release|Any CPU
		{BDBE10DE-5B53-4E17-AD16-2F0926450CE5}.Debug|Any CPU.ActiveCfg = Debug|Any CPU
		{BDBE10DE-5B53-4E17-AD16-2F0926450CE5}.Debug|Any CPU.Build.0 = Debug|Any CPU
		{BDBE10DE-5B53-4E17-AD16-2F0926450CE5}.Release|Any CPU.ActiveCfg = Release|Any CPU
		{BDBE10DE-5B53-4E17-AD16-2F0926450CE5}.Release|Any CPU.Build.0 = Release|Any CPU
		{3443C466-93D5-456D-9C9B-ECB7DB6C80BD}.Debug|Any CPU.ActiveCfg = Debug|Any CPU
		{3443C466-93D5-456D-9C9B-ECB7DB6C80BD}.Debug|Any CPU.Build.0 = Debug|Any CPU
		{3443C466-93D5-456D-9C9B-ECB7DB6C80BD}.Release|Any CPU.ActiveCfg = Release|Any CPU
		{3443C466-93D5-456D-9C9B-ECB7DB6C80BD}.Release|Any CPU.Build.0 = Release|Any CPU
		{EE5BDD07-C4CD-4688-99FB-3FF103DC7CF6}.Debug|Any CPU.ActiveCfg = Debug|Any CPU
		{EE5BDD07-C4CD-4688-99FB-3FF103DC7CF6}.Debug|Any CPU.Build.0 = Debug|Any CPU
		{EE5BDD07-C4CD-4688-99FB-3FF103DC7CF6}.Release|Any CPU.ActiveCfg = Release|Any CPU
		{EE5BDD07-C4CD-4688-99FB-3FF103DC7CF6}.Release|Any CPU.Build.0 = Release|Any CPU
		{31D29668-C9FF-42B9-B988-DABB5A9C0A2F}.Debug|Any CPU.ActiveCfg = Debug|Any CPU
		{31D29668-C9FF-42B9-B988-DABB5A9C0A2F}.Debug|Any CPU.Build.0 = Debug|Any CPU
		{31D29668-C9FF-42B9-B988-DABB5A9C0A2F}.Release|Any CPU.ActiveCfg = Release|Any CPU
		{31D29668-C9FF-42B9-B988-DABB5A9C0A2F}.Release|Any CPU.Build.0 = Release|Any CPU
		{69D62C53-D95D-4465-8904-0E45E0301A59}.Debug|Any CPU.ActiveCfg = Debug|Any CPU
		{69D62C53-D95D-4465-8904-0E45E0301A59}.Debug|Any CPU.Build.0 = Debug|Any CPU
		{69D62C53-D95D-4465-8904-0E45E0301A59}.Release|Any CPU.ActiveCfg = Release|Any CPU
		{69D62C53-D95D-4465-8904-0E45E0301A59}.Release|Any CPU.Build.0 = Release|Any CPU
		{E576428E-3EE8-4ECE-A207-C1E318C0C919}.Debug|Any CPU.ActiveCfg = Debug|Any CPU
		{E576428E-3EE8-4ECE-A207-C1E318C0C919}.Debug|Any CPU.Build.0 = Debug|Any CPU
		{E576428E-3EE8-4ECE-A207-C1E318C0C919}.Release|Any CPU.ActiveCfg = Release|Any CPU
		{E576428E-3EE8-4ECE-A207-C1E318C0C919}.Release|Any CPU.Build.0 = Release|Any CPU
		{B2FE4C03-B7D2-447F-82E1-305DC39A13DD}.Debug|Any CPU.ActiveCfg = Debug|Any CPU
		{B2FE4C03-B7D2-447F-82E1-305DC39A13DD}.Debug|Any CPU.Build.0 = Debug|Any CPU
		{B2FE4C03-B7D2-447F-82E1-305DC39A13DD}.Release|Any CPU.ActiveCfg = Release|Any CPU
		{B2FE4C03-B7D2-447F-82E1-305DC39A13DD}.Release|Any CPU.Build.0 = Release|Any CPU
		{03968681-E351-4D52-9AC3-EE5B7BFE9180}.Debug|Any CPU.ActiveCfg = Debug|Any CPU
		{03968681-E351-4D52-9AC3-EE5B7BFE9180}.Debug|Any CPU.Build.0 = Debug|Any CPU
		{03968681-E351-4D52-9AC3-EE5B7BFE9180}.Release|Any CPU.ActiveCfg = Release|Any CPU
		{03968681-E351-4D52-9AC3-EE5B7BFE9180}.Release|Any CPU.Build.0 = Release|Any CPU
		{7D0790D9-B38E-4854-B0EF-D8C2F21296CE}.Debug|Any CPU.ActiveCfg = Debug|Any CPU
		{7D0790D9-B38E-4854-B0EF-D8C2F21296CE}.Debug|Any CPU.Build.0 = Debug|Any CPU
		{7D0790D9-B38E-4854-B0EF-D8C2F21296CE}.Release|Any CPU.ActiveCfg = Release|Any CPU
		{7D0790D9-B38E-4854-B0EF-D8C2F21296CE}.Release|Any CPU.Build.0 = Release|Any CPU
		{235EEDA9-88A5-4043-9768-6F64F0CB7C3E}.Debug|Any CPU.ActiveCfg = Debug|Any CPU
		{235EEDA9-88A5-4043-9768-6F64F0CB7C3E}.Debug|Any CPU.Build.0 = Debug|Any CPU
		{235EEDA9-88A5-4043-9768-6F64F0CB7C3E}.Release|Any CPU.ActiveCfg = Release|Any CPU
		{235EEDA9-88A5-4043-9768-6F64F0CB7C3E}.Release|Any CPU.Build.0 = Release|Any CPU
		{240D72A1-8B28-4B7D-9261-7FD61CA097AB}.Debug|Any CPU.ActiveCfg = Debug|Any CPU
		{240D72A1-8B28-4B7D-9261-7FD61CA097AB}.Debug|Any CPU.Build.0 = Debug|Any CPU
		{240D72A1-8B28-4B7D-9261-7FD61CA097AB}.Release|Any CPU.ActiveCfg = Release|Any CPU
		{240D72A1-8B28-4B7D-9261-7FD61CA097AB}.Release|Any CPU.Build.0 = Release|Any CPU
		{EA441381-B44B-4555-951D-A4047B54B8C4}.Debug|Any CPU.ActiveCfg = Debug|Any CPU
		{EA441381-B44B-4555-951D-A4047B54B8C4}.Debug|Any CPU.Build.0 = Debug|Any CPU
		{EA441381-B44B-4555-951D-A4047B54B8C4}.Release|Any CPU.ActiveCfg = Release|Any CPU
		{EA441381-B44B-4555-951D-A4047B54B8C4}.Release|Any CPU.Build.0 = Release|Any CPU
		{F3055669-5FF1-4F41-83CB-D754ADCF9355}.Debug|Any CPU.ActiveCfg = Debug|Any CPU
		{F3055669-5FF1-4F41-83CB-D754ADCF9355}.Debug|Any CPU.Build.0 = Debug|Any CPU
		{F3055669-5FF1-4F41-83CB-D754ADCF9355}.Release|Any CPU.ActiveCfg = Release|Any CPU
		{F3055669-5FF1-4F41-83CB-D754ADCF9355}.Release|Any CPU.Build.0 = Release|Any CPU
		{8C7467F7-F83C-4701-A8AC-2C891F97C035}.Debug|Any CPU.ActiveCfg = Debug|Any CPU
		{8C7467F7-F83C-4701-A8AC-2C891F97C035}.Debug|Any CPU.Build.0 = Debug|Any CPU
		{8C7467F7-F83C-4701-A8AC-2C891F97C035}.Release|Any CPU.ActiveCfg = Release|Any CPU
		{8C7467F7-F83C-4701-A8AC-2C891F97C035}.Release|Any CPU.Build.0 = Release|Any CPU
		{0EBBEB91-6256-4DAA-AEEB-97344340D146}.Debug|Any CPU.ActiveCfg = Debug|Any CPU
		{0EBBEB91-6256-4DAA-AEEB-97344340D146}.Debug|Any CPU.Build.0 = Debug|Any CPU
		{0EBBEB91-6256-4DAA-AEEB-97344340D146}.Release|Any CPU.ActiveCfg = Release|Any CPU
		{0EBBEB91-6256-4DAA-AEEB-97344340D146}.Release|Any CPU.Build.0 = Release|Any CPU
		{3075D087-7BE3-4D9D-85E0-14F507FAEB20}.Debug|Any CPU.ActiveCfg = Debug|Any CPU
		{3075D087-7BE3-4D9D-85E0-14F507FAEB20}.Debug|Any CPU.Build.0 = Debug|Any CPU
		{3075D087-7BE3-4D9D-85E0-14F507FAEB20}.Release|Any CPU.ActiveCfg = Release|Any CPU
		{3075D087-7BE3-4D9D-85E0-14F507FAEB20}.Release|Any CPU.Build.0 = Release|Any CPU
	EndGlobalSection
	GlobalSection(SolutionProperties) = preSolution
		HideSolutionNode = FALSE
	EndGlobalSection
	GlobalSection(NestedProjects) = preSolution
		{DA073772-E513-4182-AEAA-BD62018D79E3} = {592D2E38-FB0C-40AA-BC65-90A8CE558661}
		{79D62AB4-31E8-451F-8915-1384F7FEE13A} = {592D2E38-FB0C-40AA-BC65-90A8CE558661}
		{16284F81-F85E-485B-8A8E-EB5110CFD5B4} = {592D2E38-FB0C-40AA-BC65-90A8CE558661}
		{BDBE10DE-5B53-4E17-AD16-2F0926450CE5} = {592D2E38-FB0C-40AA-BC65-90A8CE558661}
		{3443C466-93D5-456D-9C9B-ECB7DB6C80BD} = {592D2E38-FB0C-40AA-BC65-90A8CE558661}
		{EE5BDD07-C4CD-4688-99FB-3FF103DC7CF6} = {09367186-198E-47D8-9E38-990E36EFD177}
		{31D29668-C9FF-42B9-B988-DABB5A9C0A2F} = {09367186-198E-47D8-9E38-990E36EFD177}
		{69D62C53-D95D-4465-8904-0E45E0301A59} = {09367186-198E-47D8-9E38-990E36EFD177}
		{E576428E-3EE8-4ECE-A207-C1E318C0C919} = {09367186-198E-47D8-9E38-990E36EFD177}
		{B2FE4C03-B7D2-447F-82E1-305DC39A13DD} = {09367186-198E-47D8-9E38-990E36EFD177}
		{03968681-E351-4D52-9AC3-EE5B7BFE9180} = {A3B81848-A645-4F94-AF53-C6BA46A3C9BB}
		{7D0790D9-B38E-4854-B0EF-D8C2F21296CE} = {A3B81848-A645-4F94-AF53-C6BA46A3C9BB}
		{235EEDA9-88A5-4043-9768-6F64F0CB7C3E} = {A3B81848-A645-4F94-AF53-C6BA46A3C9BB}
		{240D72A1-8B28-4B7D-9261-7FD61CA097AB} = {A3B81848-A645-4F94-AF53-C6BA46A3C9BB}
		{EA441381-B44B-4555-951D-A4047B54B8C4} = {3EC507B1-B8D0-4283-84C2-6D77F30FA05F}
		{F3055669-5FF1-4F41-83CB-D754ADCF9355} = {3EC507B1-B8D0-4283-84C2-6D77F30FA05F}
		{8C7467F7-F83C-4701-A8AC-2C891F97C035} = {3EC507B1-B8D0-4283-84C2-6D77F30FA05F}
		{0EBBEB91-6256-4DAA-AEEB-97344340D146} = {3EC507B1-B8D0-4283-84C2-6D77F30FA05F}
		{3075D087-7BE3-4D9D-85E0-14F507FAEB20} = {C8B2E4AE-CCCF-4A9B-AFD9-2E1D73EDB047}
	EndGlobalSection
	GlobalSection(ExtensibilityGlobals) = postSolution
		SolutionGuid = {4AFDFA13-1270-48AF-A7E3-6FC56D51FAA9}
	EndGlobalSection
EndGlobal
